
Microsoft Visual Studio Solution File, Format Version 12.00
# Visual Studio 15
VisualStudioVersion = 15.0.28307.1300
MinimumVisualStudioVersion = 10.0.40219.1
Project("{FAE04EC0-301F-11D3-BF4B-00C04F79EFBC}") = "1-PrimeiroProjeto", "1-PrimeiroProjeto\1-PrimeiroProjeto.csproj", "{4F21F5D5-0AFC-43B1-A297-178C50E28E06}"
EndProject
Project("{FAE04EC0-301F-11D3-BF4B-00C04F79EFBC}") = "2-CriandoVariaveis", "2-CriandoVariaveis\2-CriandoVariaveis.csproj", "{FEE24055-256C-4F47-8137-F5B7CD9C7DB3}"
EndProject
Project("{FAE04EC0-301F-11D3-BF4B-00C04F79EFBC}") = "3-CriandoVariaveisPontoFlutuante", "3-CriandoVariaveisPontoFlutuante\3-CriandoVariaveisPontoFlutuante.csproj", "{1A9AA053-9A95-483D-B859-4CE05BB5E86A}"
EndProject
Project("{FAE04EC0-301F-11D3-BF4B-00C04F79EFBC}") = "4-ConversoesEOutrosTiposNumericos", "4-ConversoesEOutrosTiposNumericos\4-ConversoesEOutrosTiposNumericos.csproj", "{5C79E090-B6FA-43F8-9887-8D0D79B4F570}"
EndProject
Project("{FAE04EC0-301F-11D3-BF4B-00C04F79EFBC}") = "5-CaracteresETextos", "5-CaracteresETextos\5-CaracteresETextos.csproj", "{811DBD25-568A-4D31-962F-73C88B7E6F44}"
EndProject
Global
	GlobalSection(SolutionConfigurationPlatforms) = preSolution
		Debug|Any CPU = Debug|Any CPU
		Release|Any CPU = Release|Any CPU
	EndGlobalSection
	GlobalSection(ProjectConfigurationPlatforms) = postSolution
		{4F21F5D5-0AFC-43B1-A297-178C50E28E06}.Debug|Any CPU.ActiveCfg = Debug|Any CPU
		{4F21F5D5-0AFC-43B1-A297-178C50E28E06}.Debug|Any CPU.Build.0 = Debug|Any CPU
		{4F21F5D5-0AFC-43B1-A297-178C50E28E06}.Release|Any CPU.ActiveCfg = Release|Any CPU
		{4F21F5D5-0AFC-43B1-A297-178C50E28E06}.Release|Any CPU.Build.0 = Release|Any CPU
		{FEE24055-256C-4F47-8137-F5B7CD9C7DB3}.Debug|Any CPU.ActiveCfg = Debug|Any CPU
		{FEE24055-256C-4F47-8137-F5B7CD9C7DB3}.Debug|Any CPU.Build.0 = Debug|Any CPU
		{FEE24055-256C-4F47-8137-F5B7CD9C7DB3}.Release|Any CPU.ActiveCfg = Release|Any CPU
		{FEE24055-256C-4F47-8137-F5B7CD9C7DB3}.Release|Any CPU.Build.0 = Release|Any CPU
		{1A9AA053-9A95-483D-B859-4CE05BB5E86A}.Debug|Any CPU.ActiveCfg = Debug|Any CPU
		{1A9AA053-9A95-483D-B859-4CE05BB5E86A}.Debug|Any CPU.Build.0 = Debug|Any CPU
		{1A9AA053-9A95-483D-B859-4CE05BB5E86A}.Release|Any CPU.ActiveCfg = Release|Any CPU
		{1A9AA053-9A95-483D-B859-4CE05BB5E86A}.Release|Any CPU.Build.0 = Release|Any CPU
		{5C79E090-B6FA-43F8-9887-8D0D79B4F570}.Debug|Any CPU.ActiveCfg = Debug|Any CPU
		{5C79E090-B6FA-43F8-9887-8D0D79B4F570}.Debug|Any CPU.Build.0 = Debug|Any CPU
		{5C79E090-B6FA-43F8-9887-8D0D79B4F570}.Release|Any CPU.ActiveCfg = Release|Any CPU
		{5C79E090-B6FA-43F8-9887-8D0D79B4F570}.Release|Any CPU.Build.0 = Release|Any CPU
		{811DBD25-568A-4D31-962F-73C88B7E6F44}.Debug|Any CPU.ActiveCfg = Debug|Any CPU
		{811DBD25-568A-4D31-962F-73C88B7E6F44}.Debug|Any CPU.Build.0 = Debug|Any CPU
		{811DBD25-568A-4D31-962F-73C88B7E6F44}.Release|Any CPU.ActiveCfg = Release|Any CPU
		{811DBD25-568A-4D31-962F-73C88B7E6F44}.Release|Any CPU.Build.0 = Release|Any CPU
	EndGlobalSection
	GlobalSection(SolutionProperties) = preSolution
		HideSolutionNode = FALSE
	EndGlobalSection
	GlobalSection(ExtensibilityGlobals) = postSolution
		SolutionGuid = {DCF9361F-1CD8-4084-8953-0EDC5B14FC06}
	EndGlobalSection
EndGlobal
