
Microsoft Visual Studio Solution File, Format Version 12.00
# Visual Studio 15
VisualStudioVersion = 15.0.28307.1300
MinimumVisualStudioVersion = 10.0.40219.1
Project("{FAE04EC0-301F-11D3-BF4B-00C04F79EFBC}") = "1-PrimeiroProjeto", "1-PrimeiroProjeto\1-PrimeiroProjeto.csproj", "{4F21F5D5-0AFC-43B1-A297-178C50E28E06}"
EndProject
Project("{FAE04EC0-301F-11D3-BF4B-00C04F79EFBC}") = "2-CriandoVariaveis", "2-CriandoVariaveis\2-CriandoVariaveis.csproj", "{FEE24055-256C-4F47-8137-F5B7CD9C7DB3}"
EndProject
Project("{FAE04EC0-301F-11D3-BF4B-00C04F79EFBC}") = "3-CriandoVariaveisPontoFlutuante", "3-CriandoVariaveisPontoFlutuante\3-CriandoVariaveisPontoFlutuante.csproj", "{1A9AA053-9A95-483D-B859-4CE05BB5E86A}"
EndProject
Project("{FAE04EC0-301F-11D3-BF4B-00C04F79EFBC}") = "4-ConversoesEOutrosTiposNumericos", "4-ConversoesEOutrosTiposNumericos\4-ConversoesEOutrosTiposNumericos.csproj", "{5C79E090-B6FA-43F8-9887-8D0D79B4F570}"
EndProject
Project("{FAE04EC0-301F-11D3-BF4B-00C04F79EFBC}") = "5-CaracteresETextos", "5-CaracteresETextos\5-CaracteresETextos.csproj", "{811DBD25-568A-4D31-962F-73C88B7E6F44}"
EndProject
Project("{FAE04EC0-301F-11D3-BF4B-00C04F79EFBC}") = "6-AtribuicoesDeVariaveis", "6-AtribuicoesDeVariaveis\6-AtribuicoesDeVariaveis.csproj", "{AEFDFCFB-FA18-4BF7-84E8-DFC957BB4201}"
EndProject
Project("{FAE04EC0-301F-11D3-BF4B-00C04F79EFBC}") = "7-Condicionais", "7-Condicionais\7-Condicionais.csproj", "{E090D4AE-AC2B-4EA0-9550-C4F1B65959DF}"
EndProject
Project("{FAE04EC0-301F-11D3-BF4B-00C04F79EFBC}") = "8-Condicionais2", "8-Condicionais2\8-Condicionais2.csproj", "{A1518E14-64B6-4001-BAC9-D2C74AA8E66C}"
EndProject
Project("{FAE04EC0-301F-11D3-BF4B-00C04F79EFBC}") = "9-Escopo", "9-Escopo\9-Escopo.csproj", "{45AC42E2-F876-4B24-B1BD-293D69C56057}"
EndProject
Project("{FAE04EC0-301F-11D3-BF4B-00C04F79EFBC}") = "P10-CalculaPoupanca", "P10-CalculaPoupanca\P10-CalculaPoupanca.csproj", "{0BF0F023-F192-4CD9-9989-56143F7CDFAD}"
EndProject
Project("{FAE04EC0-301F-11D3-BF4B-00C04F79EFBC}") = "P11-CalculaPoupanca2", "P11-CalculaPoupanca2\P11-CalculaPoupanca2.csproj", "{E603A2D3-F37B-4C83-8A5C-BAEA65D97ADE}"
EndProject
Project("{FAE04EC0-301F-11D3-BF4B-00C04F79EFBC}") = "P12-CalculaInvestimentoLongoPrazo", "P12-CalculaInvestimentoLongoPrazo\P12-CalculaInvestimentoLongoPrazo.csproj", "{783EFEB3-04BE-4D3C-8B3D-91B30E57DCD2}"
EndProject
Project("{FAE04EC0-301F-11D3-BF4B-00C04F79EFBC}") = "P13-ForEncadeado", "P13-ForEncadeado\P13-ForEncadeado.csproj", "{FEB445FE-F8BF-4561-A41A-32C98C20AD02}"
EndProject
Global
	GlobalSection(SolutionConfigurationPlatforms) = preSolution
		Debug|Any CPU = Debug|Any CPU
		Release|Any CPU = Release|Any CPU
	EndGlobalSection
	GlobalSection(ProjectConfigurationPlatforms) = postSolution
		{4F21F5D5-0AFC-43B1-A297-178C50E28E06}.Debug|Any CPU.ActiveCfg = Debug|Any CPU
		{4F21F5D5-0AFC-43B1-A297-178C50E28E06}.Debug|Any CPU.Build.0 = Debug|Any CPU
		{4F21F5D5-0AFC-43B1-A297-178C50E28E06}.Release|Any CPU.ActiveCfg = Release|Any CPU
		{4F21F5D5-0AFC-43B1-A297-178C50E28E06}.Release|Any CPU.Build.0 = Release|Any CPU
		{FEE24055-256C-4F47-8137-F5B7CD9C7DB3}.Debug|Any CPU.ActiveCfg = Debug|Any CPU
		{FEE24055-256C-4F47-8137-F5B7CD9C7DB3}.Debug|Any CPU.Build.0 = Debug|Any CPU
		{FEE24055-256C-4F47-8137-F5B7CD9C7DB3}.Release|Any CPU.ActiveCfg = Release|Any CPU
		{FEE24055-256C-4F47-8137-F5B7CD9C7DB3}.Release|Any CPU.Build.0 = Release|Any CPU
		{1A9AA053-9A95-483D-B859-4CE05BB5E86A}.Debug|Any CPU.ActiveCfg = Debug|Any CPU
		{1A9AA053-9A95-483D-B859-4CE05BB5E86A}.Debug|Any CPU.Build.0 = Debug|Any CPU
		{1A9AA053-9A95-483D-B859-4CE05BB5E86A}.Release|Any CPU.ActiveCfg = Release|Any CPU
		{1A9AA053-9A95-483D-B859-4CE05BB5E86A}.Release|Any CPU.Build.0 = Release|Any CPU
		{5C79E090-B6FA-43F8-9887-8D0D79B4F570}.Debug|Any CPU.ActiveCfg = Debug|Any CPU
		{5C79E090-B6FA-43F8-9887-8D0D79B4F570}.Debug|Any CPU.Build.0 = Debug|Any CPU
		{5C79E090-B6FA-43F8-9887-8D0D79B4F570}.Release|Any CPU.ActiveCfg = Release|Any CPU
		{5C79E090-B6FA-43F8-9887-8D0D79B4F570}.Release|Any CPU.Build.0 = Release|Any CPU
		{811DBD25-568A-4D31-962F-73C88B7E6F44}.Debug|Any CPU.ActiveCfg = Debug|Any CPU
		{811DBD25-568A-4D31-962F-73C88B7E6F44}.Debug|Any CPU.Build.0 = Debug|Any CPU
		{811DBD25-568A-4D31-962F-73C88B7E6F44}.Release|Any CPU.ActiveCfg = Release|Any CPU
		{811DBD25-568A-4D31-962F-73C88B7E6F44}.Release|Any CPU.Build.0 = Release|Any CPU
		{AEFDFCFB-FA18-4BF7-84E8-DFC957BB4201}.Debug|Any CPU.ActiveCfg = Debug|Any CPU
		{AEFDFCFB-FA18-4BF7-84E8-DFC957BB4201}.Debug|Any CPU.Build.0 = Debug|Any CPU
		{AEFDFCFB-FA18-4BF7-84E8-DFC957BB4201}.Release|Any CPU.ActiveCfg = Release|Any CPU
		{AEFDFCFB-FA18-4BF7-84E8-DFC957BB4201}.Release|Any CPU.Build.0 = Release|Any CPU
		{E090D4AE-AC2B-4EA0-9550-C4F1B65959DF}.Debug|Any CPU.ActiveCfg = Debug|Any CPU
		{E090D4AE-AC2B-4EA0-9550-C4F1B65959DF}.Debug|Any CPU.Build.0 = Debug|Any CPU
		{E090D4AE-AC2B-4EA0-9550-C4F1B65959DF}.Release|Any CPU.ActiveCfg = Release|Any CPU
		{E090D4AE-AC2B-4EA0-9550-C4F1B65959DF}.Release|Any CPU.Build.0 = Release|Any CPU
		{A1518E14-64B6-4001-BAC9-D2C74AA8E66C}.Debug|Any CPU.ActiveCfg = Debug|Any CPU
		{A1518E14-64B6-4001-BAC9-D2C74AA8E66C}.Debug|Any CPU.Build.0 = Debug|Any CPU
		{A1518E14-64B6-4001-BAC9-D2C74AA8E66C}.Release|Any CPU.ActiveCfg = Release|Any CPU
		{A1518E14-64B6-4001-BAC9-D2C74AA8E66C}.Release|Any CPU.Build.0 = Release|Any CPU
		{45AC42E2-F876-4B24-B1BD-293D69C56057}.Debug|Any CPU.ActiveCfg = Debug|Any CPU
		{45AC42E2-F876-4B24-B1BD-293D69C56057}.Debug|Any CPU.Build.0 = Debug|Any CPU
		{45AC42E2-F876-4B24-B1BD-293D69C56057}.Release|Any CPU.ActiveCfg = Release|Any CPU
		{45AC42E2-F876-4B24-B1BD-293D69C56057}.Release|Any CPU.Build.0 = Release|Any CPU
		{0BF0F023-F192-4CD9-9989-56143F7CDFAD}.Debug|Any CPU.ActiveCfg = Debug|Any CPU
		{0BF0F023-F192-4CD9-9989-56143F7CDFAD}.Debug|Any CPU.Build.0 = Debug|Any CPU
		{0BF0F023-F192-4CD9-9989-56143F7CDFAD}.Release|Any CPU.ActiveCfg = Release|Any CPU
		{0BF0F023-F192-4CD9-9989-56143F7CDFAD}.Release|Any CPU.Build.0 = Release|Any CPU
		{E603A2D3-F37B-4C83-8A5C-BAEA65D97ADE}.Debug|Any CPU.ActiveCfg = Debug|Any CPU
		{E603A2D3-F37B-4C83-8A5C-BAEA65D97ADE}.Debug|Any CPU.Build.0 = Debug|Any CPU
		{E603A2D3-F37B-4C83-8A5C-BAEA65D97ADE}.Release|Any CPU.ActiveCfg = Release|Any CPU
		{E603A2D3-F37B-4C83-8A5C-BAEA65D97ADE}.Release|Any CPU.Build.0 = Release|Any CPU
		{783EFEB3-04BE-4D3C-8B3D-91B30E57DCD2}.Debug|Any CPU.ActiveCfg = Debug|Any CPU
		{783EFEB3-04BE-4D3C-8B3D-91B30E57DCD2}.Debug|Any CPU.Build.0 = Debug|Any CPU
		{783EFEB3-04BE-4D3C-8B3D-91B30E57DCD2}.Release|Any CPU.ActiveCfg = Release|Any CPU
		{783EFEB3-04BE-4D3C-8B3D-91B30E57DCD2}.Release|Any CPU.Build.0 = Release|Any CPU
		{FEB445FE-F8BF-4561-A41A-32C98C20AD02}.Debug|Any CPU.ActiveCfg = Debug|Any CPU
		{FEB445FE-F8BF-4561-A41A-32C98C20AD02}.Debug|Any CPU.Build.0 = Debug|Any CPU
		{FEB445FE-F8BF-4561-A41A-32C98C20AD02}.Release|Any CPU.ActiveCfg = Release|Any CPU
		{FEB445FE-F8BF-4561-A41A-32C98C20AD02}.Release|Any CPU.Build.0 = Release|Any CPU
	EndGlobalSection
	GlobalSection(SolutionProperties) = preSolution
		HideSolutionNode = FALSE
	EndGlobalSection
	GlobalSection(ExtensibilityGlobals) = postSolution
		SolutionGuid = {DCF9361F-1CD8-4084-8953-0EDC5B14FC06}
	EndGlobalSection
EndGlobal
